Microsoft Visual Studio Solution File, Format Version 12.00
# Visual Studio Version 17
VisualStudioVersion = 17.9.34622.214
MinimumVisualStudioVersion = 10.0.40219.1
Project("{9A19103F-16F7-4668-BE54-9A1E7A4F7556}") = "EorzeaMapExtractor.Cli", "EorzeaMapExtractor.Cli\EorzeaMapExtractor.Cli.csproj", "{46D27CD9-F3EA-4227-92B1-EC980C4F1F4B}"
EndProject
Project("{9A19103F-16F7-4668-BE54-9A1E7A4F7556}") = "SaintCoinach", "SaintCoinach\SaintCoinach\SaintCoinach.csproj", "{8A7D65EB-3DE3-4631-B286-CC73A3126002}"
EndProject
Project("{9A19103F-16F7-4668-BE54-9A1E7A4F7556}") = "DotSquish", "SaintCoinach\DotSquish\DotSquish.csproj", "{F9681545-4BEA-4FD3-9AB9-A67BD37AB36D}"
EndProject
Global
	GlobalSection(SolutionConfigurationPlatforms) = preSolution
		Debug|Any CPU = Debug|Any CPU
		Release|Any CPU = Release|Any CPU
	EndGlobalSection
	GlobalSection(ProjectConfigurationPlatforms) = postSolution
		{46D27CD9-F3EA-4227-92B1-EC980C4F1F4B}.Debug|Any CPU.ActiveCfg = Debug|Any CPU
		{46D27CD9-F3EA-4227-92B1-EC980C4F1F4B}.Debug|Any CPU.Build.0 = Debug|Any CPU
		{46D27CD9-F3EA-4227-92B1-EC980C4F1F4B}.Release|Any CPU.ActiveCfg = Release|Any CPU
		{46D27CD9-F3EA-4227-92B1-EC980C4F1F4B}.Release|Any CPU.Build.0 = Release|Any CPU
		{8A7D65EB-3DE3-4631-B286-CC73A3126002}.Debug|Any CPU.ActiveCfg = Debug|Any CPU
		{8A7D65EB-3DE3-4631-B286-CC73A3126002}.Debug|Any CPU.Build.0 = Debug|Any CPU
		{8A7D65EB-3DE3-4631-B286-CC73A3126002}.Release|Any CPU.ActiveCfg = Release|Any CPU
		{8A7D65EB-3DE3-4631-B286-CC73A3126002}.Release|Any CPU.Build.0 = Release|Any CPU
		{F9681545-4BEA-4FD3-9AB9-A67BD37AB36D}.Debug|Any CPU.ActiveCfg = Debug|Any CPU
		{F9681545-4BEA-4FD3-9AB9-A67BD37AB36D}.Debug|Any CPU.Build.0 = Debug|Any CPU
		{F9681545-4BEA-4FD3-9AB9-A67BD37AB36D}.Release|Any CPU.ActiveCfg = Release|Any CPU
		{F9681545-4BEA-4FD3-9AB9-A67BD37AB36D}.Release|Any CPU.Build.0 = Release|Any CPU
	EndGlobalSection
	GlobalSection(SolutionProperties) = preSolution
		HideSolutionNode = FALSE
	EndGlobalSection
	GlobalSection(ExtensibilityGlobals) = postSolution
		SolutionGuid = {27B33EA9-E903-4B1E-B30A-E608699D84F9}
	EndGlobalSection
EndGlobal
